// !$*UTF8*$!
{
	archiveVersion = 1;
	classes = {
	};
	objectVersion = 46;
	objects = {

/* Begin PBXBuildFile section */
		A0A52BF61F8CC46200C9ED5D /* AppDelegate.swift in Sources */ = {isa = PBXBuildFile; fileRef = A0A52BF51F8CC46200C9ED5D /* AppDelegate.swift */; };
		A0A52BF81F8CC46200C9ED5D /* ViewController.swift in Sources */ = {isa = PBXBuildFile; fileRef = A0A52BF71F8CC46200C9ED5D /* ViewController.swift */; };
		A0A52BFD1F8CC46200C9ED5D /* Assets.xcassets in Resources */ = {isa = PBXBuildFile; fileRef = A0A52BFC1F8CC46200C9ED5D /* Assets.xcassets */; };
		A0A52C001F8CC46200C9ED5D /* LaunchScreen.storyboard in Resources */ = {isa = PBXBuildFile; fileRef = A0A52BFE1F8CC46200C9ED5D /* LaunchScreen.storyboard */; };
		A0A52C0B1F8CC46200C9ED5D /* Rotate_ImageTests.swift in Sources */ = {isa = PBXBuildFile; fileRef = A0A52C0A1F8CC46200C9ED5D /* Rotate_ImageTests.swift */; };
		A0A52C161F8CC46200C9ED5D /* Rotate_ImageUITests.swift in Sources */ = {isa = PBXBuildFile; fileRef = A0A52C151F8CC46200C9ED5D /* Rotate_ImageUITests.swift */; };
		A0A52C241F8CC55800C9ED5D /* android.png in Resources */ = {isa = PBXBuildFile; fileRef = A0A52C231F8CC55800C9ED5D /* android.png */; };
		A0A52C261F8CCBC300C9ED5D /* Main.storyboard in Resources */ = {isa = PBXBuildFile; fileRef = A0A52C251F8CCBC300C9ED5D /* Main.storyboard */; };
/* End PBXBuildFile section */

/* Begin PBXContainerItemProxy section */
		A0A52C071F8CC46200C9ED5D /* PBXContainerItemProxy */ = {
			isa = PBXContainerItemProxy;
			containerPortal = A0A52BEA1F8CC46200C9ED5D /* Project object */;
			proxyType = 1;
			remoteGlobalIDString = A0A52BF11F8CC46200C9ED5D;
			remoteInfo = "Rotate Image";
		};
		A0A52C121F8CC46200C9ED5D /* PBXContainerItemProxy */ = {
			isa = PBXContainerItemProxy;
			containerPortal = A0A52BEA1F8CC46200C9ED5D /* Project object */;
			proxyType = 1;
			remoteGlobalIDString = A0A52BF11F8CC46200C9ED5D;
			remoteInfo = "Rotate Image";
		};
/* End PBXContainerItemProxy section */

/* Begin PBXFileReference section */
		A0A52BF21F8CC46200C9ED5D /* Rotate Image.app */ = {isa = PBXFileReference; explicitFileType = wrapper.application; includeInIndex = 0; path = "Rotate Image.app"; sourceTree = BUILT_PRODUCTS_DIR; };
		A0A52BF51F8CC46200C9ED5D /* AppDelegate.swift */ = {isa = PBXFileReference; lastKnownFileType = sourcecode.swift; path = AppDelegate.swift; sourceTree = "<group>"; };
		A0A52BF71F8CC46200C9ED5D /* ViewController.swift */ = {isa = PBXFileReference; lastKnownFileType = sourcecode.swift; path = ViewController.swift; sourceTree = "<group>"; };
		A0A52BFC1F8CC46200C9ED5D /* Assets.xcassets */ = {isa = PBXFileReference; lastKnownFileType = folder.assetcatalog; path = Assets.xcassets; sourceTree = "<group>"; };
		A0A52BFF1F8CC46200C9ED5D /* Base */ = {isa = PBXFileReference; lastKnownFileType = file.storyboard; name = Base; path = Base.lproj/LaunchScreen.storyboard; sourceTree = "<group>"; };
		A0A52C011F8CC46200C9ED5D /* Info.plist */ = {isa = PBXFileReference; lastKnownFileType = text.plist.xml; path = Info.plist; sourceTree = "<group>"; };
		A0A52C061F8CC46200C9ED5D /* Rotate ImageTests.xctest */ = {isa = PBXFileReference; explicitFileType = wrapper.cfbundle; includeInIndex = 0; path = "Rotate ImageTests.xctest"; sourceTree = BUILT_PRODUCTS_DIR; };
		A0A52C0A1F8CC46200C9ED5D /* Rotate_ImageTests.swift */ = {isa = PBXFileReference; lastKnownFileType = sourcecode.swift; path = Rotate_ImageTests.swift; sourceTree = "<group>"; };
		A0A52C0C1F8CC46200C9ED5D /* Info.plist */ = {isa = PBXFileReference; lastKnownFileType = text.plist.xml; path = Info.plist; sourceTree = "<group>"; };
		A0A52C111F8CC46200C9ED5D /* Rotate ImageUITests.xctest */ = {isa = PBXFileReference; explicitFileType = wrapper.cfbundle; includeInIndex = 0; path = "Rotate ImageUITests.xctest"; sourceTree = BUILT_PRODUCTS_DIR; };
		A0A52C151F8CC46200C9ED5D /* Rotate_ImageUITests.swift */ = {isa = PBXFileReference; lastKnownFileType = sourcecode.swift; path = Rotate_ImageUITests.swift; sourceTree = "<group>"; };
		A0A52C171F8CC46200C9ED5D /* Info.plist */ = {isa = PBXFileReference; lastKnownFileType = text.plist.xml; path = Info.plist; sourceTree = "<group>"; };
		A0A52C231F8CC55800C9ED5D /* android.png */ = {isa = PBXFileReference; lastKnownFileType = image.png; path = android.png; sourceTree = "<group>"; };
		A0A52C251F8CCBC300C9ED5D /* Main.storyboard */ = {isa = PBXFileReference; fileEncoding = 4; lastKnownFileType = file.storyboard; path = Main.storyboard; sourceTree = "<group>"; };
/* End PBXFileReference section */

/* Begin PBXFrameworksBuildPhase section */
		A0A52BEF1F8CC46200C9ED5D /* Frameworks */ = {
			isa = PBXFrameworksBuildPhase;
			buildActionMask = 2147483647;
			files = (
			);
			runOnlyForDeploymentPostprocessing = 0;
		};
		A0A52C031F8CC46200C9ED5D /* Frameworks */ = {
			isa = PBXFrameworksBuildPhase;
			buildActionMask = 2147483647;
			files = (
			);
			runOnlyForDeploymentPostprocessing = 0;
		};
		A0A52C0E1F8CC46200C9ED5D /* Frameworks */ = {
			isa = PBXFrameworksBuildPhase;
			buildActionMask = 2147483647;
			files = (
			);
			runOnlyForDeploymentPostprocessing = 0;
		};
/* End PBXFrameworksBuildPhase section */

/* Begin PBXGroup section */
		A0A52BE91F8CC46200C9ED5D = {
			isa = PBXGroup;
			children = (
				A0A52BF41F8CC46200C9ED5D /* Rotate Image */,
				A0A52C091F8CC46200C9ED5D /* Rotate ImageTests */,
				A0A52C141F8CC46200C9ED5D /* Rotate ImageUITests */,
				A0A52BF31F8CC46200C9ED5D /* Products */,
			);
			sourceTree = "<group>";
		};
		A0A52BF31F8CC46200C9ED5D /* Products */ = {
			isa = PBXGroup;
			children = (
				A0A52BF21F8CC46200C9ED5D /* Rotate Image.app */,
				A0A52C061F8CC46200C9ED5D /* Rotate ImageTests.xctest */,
				A0A52C111F8CC46200C9ED5D /* Rotate ImageUITests.xctest */,
			);
			name = Products;
			sourceTree = "<group>";
		};
		A0A52BF41F8CC46200C9ED5D /* Rotate Image */ = {
			isa = PBXGroup;
			children = (
				A0A52BF51F8CC46200C9ED5D /* AppDelegate.swift */,
				A0A52BF71F8CC46200C9ED5D /* ViewController.swift */,
				A0A52C231F8CC55800C9ED5D /* android.png */,
				A0A52BFC1F8CC46200C9ED5D /* Assets.xcassets */,
				A0A52C251F8CCBC300C9ED5D /* Main.storyboard */,
				A0A52BFE1F8CC46200C9ED5D /* LaunchScreen.storyboard */,
				A0A52C011F8CC46200C9ED5D /* Info.plist */,
			);
			path = "Rotate Image";
			sourceTree = "<group>";
		};
		A0A52C091F8CC46200C9ED5D /* Rotate ImageTests */ = {
			isa = PBXGroup;
			children = (
				A0A52C0A1F8CC46200C9ED5D /* Rotate_ImageTests.swift */,
				A0A52C0C1F8CC46200C9ED5D /* Info.plist */,
			);
			path = "Rotate ImageTests";
			sourceTree = "<group>";
		};
		A0A52C141F8CC46200C9ED5D /* Rotate ImageUITests */ = {
			isa = PBXGroup;
			children = (
				A0A52C151F8CC46200C9ED5D /* Rotate_ImageUITests.swift */,
				A0A52C171F8CC46200C9ED5D /* Info.plist */,
			);
			path = "Rotate ImageUITests";
			sourceTree = "<group>";
		};
/* End PBXGroup section */

/* Begin PBXNativeTarget section */
		A0A52BF11F8CC46200C9ED5D /* Rotate Image */ = {
			isa = PBXNativeTarget;
			buildConfigurationList = A0A52C1A1F8CC46200C9ED5D /* Build configuration list for PBXNativeTarget "Rotate Image" */;
			buildPhases = (
				A0A52BEE1F8CC46200C9ED5D /* Sources */,
				A0A52BEF1F8CC46200C9ED5D /* Frameworks */,
				A0A52BF01F8CC46200C9ED5D /* Resources */,
			);
			buildRules = (
			);
			dependencies = (
			);
			name = "Rotate Image";
			productName = "Rotate Image";
			productReference = A0A52BF21F8CC46200C9ED5D /* Rotate Image.app */;
			productType = "com.apple.product-type.application";
		};
		A0A52C051F8CC46200C9ED5D /* Rotate ImageTests */ = {
			isa = PBXNativeTarget;
			buildConfigurationList = A0A52C1D1F8CC46200C9ED5D /* Build configuration list for PBXNativeTarget "Rotate ImageTests" */;
			buildPhases = (
				A0A52C021F8CC46200C9ED5D /* Sources */,
				A0A52C031F8CC46200C9ED5D /* Frameworks */,
				A0A52C041F8CC46200C9ED5D /* Resources */,
			);
			buildRules = (
			);
			dependencies = (
				A0A52C081F8CC46200C9ED5D /* PBXTargetDependency */,
			);
			name = "Rotate ImageTests";
			productName = "Rotate ImageTests";
			productReference = A0A52C061F8CC46200C9ED5D /* Rotate ImageTests.xctest */;
			productType = "com.apple.product-type.bundle.unit-test";
		};
		A0A52C101F8CC46200C9ED5D /* Rotate ImageUITests */ = {
			isa = PBXNativeTarget;
			buildConfigurationList = A0A52C201F8CC46200C9ED5D /* Build configuration list for PBXNativeTarget "Rotate ImageUITests" */;
			buildPhases = (
				A0A52C0D1F8CC46200C9ED5D /* Sources */,
				A0A52C0E1F8CC46200C9ED5D /* Frameworks */,
				A0A52C0F1F8CC46200C9ED5D /* Resources */,
			);
			buildRules = (
			);
			dependencies = (
				A0A52C131F8CC46200C9ED5D /* PBXTargetDependency */,
			);
			name = "Rotate ImageUITests";
			productName = "Rotate ImageUITests";
			productReference = A0A52C111F8CC46200C9ED5D /* Rotate ImageUITests.xctest */;
			productType = "com.apple.product-type.bundle.ui-testing";
		};
/* End PBXNativeTarget section */

/* Begin PBXProject section */
		A0A52BEA1F8CC46200C9ED5D /* Project object */ = {
			isa = PBXProject;
			attributes = {
				LastSwiftUpdateCheck = 0830;
				LastUpgradeCheck = 0830;
				ORGANIZATIONNAME = "Hilmy Corp.";
				TargetAttributes = {
					A0A52BF11F8CC46200C9ED5D = {
						CreatedOnToolsVersion = 8.3.3;
						DevelopmentTeam = 72C5A4RQ56;
						ProvisioningStyle = Automatic;
					};
					A0A52C051F8CC46200C9ED5D = {
						CreatedOnToolsVersion = 8.3.3;
						DevelopmentTeam = 72C5A4RQ56;
						ProvisioningStyle = Automatic;
						TestTargetID = A0A52BF11F8CC46200C9ED5D;
					};
					A0A52C101F8CC46200C9ED5D = {
						CreatedOnToolsVersion = 8.3.3;
						DevelopmentTeam = 72C5A4RQ56;
						ProvisioningStyle = Automatic;
						TestTargetID = A0A52BF11F8CC46200C9ED5D;
					};
				};
			};
			buildConfigurationList = A0A52BED1F8CC46200C9ED5D /* Build configuration list for PBXProject "Rotate Image" */;
			compatibilityVersion = "Xcode 3.2";
			developmentRegion = English;
			hasScannedForEncodings = 0;
			knownRegions = (
				en,
				Base,
			);
			mainGroup = A0A52BE91F8CC46200C9ED5D;
			productRefGroup = A0A52BF31F8CC46200C9ED5D /* Products */;
			projectDirPath = "";
			projectRoot = "";
			targets = (
				A0A52BF11F8CC46200C9ED5D /* Rotate Image */,
				A0A52C051F8CC46200C9ED5D /* Rotate ImageTests */,
				A0A52C101F8CC46200C9ED5D /* Rotate ImageUITests */,
			);
		};
/* End PBXProject section */

/* Begin PBXResourcesBuildPhase section */
		A0A52BF01F8CC46200C9ED5D /* Resources */ = {
			isa = PBXResourcesBuildPhase;
			buildActionMask = 2147483647;
			files = (
				A0A52C001F8CC46200C9ED5D /* LaunchScreen.storyboard in Resources */,
				A0A52BFD1F8CC46200C9ED5D /* Assets.xcassets in Resources */,
				A0A52C241F8CC55800C9ED5D /* android.png in Resources */,
				A0A52C261F8CCBC300C9ED5D /* Main.storyboard in Resources */,
			);
			runOnlyForDeploymentPostprocessing = 0;
		};
		A0A52C041F8CC46200C9ED5D /* Resources */ = {
			isa = PBXResourcesBuildPhase;
			buildActionMask = 2147483647;
			files = (
			);
			runOnlyForDeploymentPostprocessing = 0;
		};
		A0A52C0F1F8CC46200C9ED5D /* Resources */ = {
			isa = PBXResourcesBuildPhase;
			buildActionMask = 2147483647;
			files = (
			);
			runOnlyForDeploymentPostprocessing = 0;
		};
/* End PBXResourcesBuildPhase section */

/* Begin PBXSourcesBuildPhase section */
		A0A52BEE1F8CC46200C9ED5D /* Sources */ = {
			isa = PBXSourcesBuildPhase;
			buildActionMask = 2147483647;
			files = (
				A0A52BF81F8CC46200C9ED5D /* ViewController.swift in Sources */,
				A0A52BF61F8CC46200C9ED5D /* AppDelegate.swift in Sources */,
			);
			runOnlyForDeploymentPostprocessing = 0;
		};
		A0A52C021F8CC46200C9ED5D /* Sources */ = {
			isa = PBXSourcesBuildPhase;
			buildActionMask = 2147483647;
			files = (
				A0A52C0B1F8CC46200C9ED5D /* Rotate_ImageTests.swift in Sources */,
			);
			runOnlyForDeploymentPostprocessing = 0;
		};
		A0A52C0D1F8CC46200C9ED5D /* Sources */ = {
			isa = PBXSourcesBuildPhase;
			buildActionMask = 2147483647;
			files = (
				A0A52C161F8CC46200C9ED5D /* Rotate_ImageUITests.swift in Sources */,
			);
			runOnlyForDeploymentPostprocessing = 0;
		};
/* End PBXSourcesBuildPhase section */

/* Begin PBXTargetDependency section */
		A0A52C081F8CC46200C9ED5D /* PBXTargetDependency */ = {
			isa = PBXTargetDependency;
			target = A0A52BF11F8CC46200C9ED5D /* Rotate Image */;
			targetProxy = A0A52C071F8CC46200C9ED5D /* PBXContainerItemProxy */;
		};
		A0A52C131F8CC46200C9ED5D /* PBXTargetDependency */ = {
			isa = PBXTargetDependency;
			target = A0A52BF11F8CC46200C9ED5D /* Rotate Image */;
			targetProxy = A0A52C121F8CC46200C9ED5D /* PBXContainerItemProxy */;
		};
/* End PBXTargetDependency section */

/* Begin PBXVariantGroup section */
		A0A52BFE1F8CC46200C9ED5D /* LaunchScreen.storyboard */ = {
			isa = PBXVariantGroup;
			children = (
				A0A52BFF1F8CC46200C9ED5D /* Base */,
			);
			name = LaunchScreen.storyboard;
			sourceTree = "<group>";
		};
/* End PBXVariantGroup section */

/* Begin XCBuildConfiguration section */
		A0A52C181F8CC46200C9ED5D /* Debug */ = {
			isa = XCBuildConfiguration;
			buildSettings = {
				ALWAYS_SEARCH_USER_PATHS = NO;
				CLANG_ANALYZER_NONNULL = YES;
				CLANG_ANALYZER_NUMBER_OBJECT_CONVERSION = YES_AGGRESSIVE;
				CLANG_CXX_LANGUAGE_STANDARD = "gnu++0x";
				CLANG_CXX_LIBRARY = "libc++";
				CLANG_ENABLE_MODULES = YES;
				CLANG_ENABLE_OBJC_ARC = YES;
				CLANG_WARN_BOOL_CONVERSION = YES;
				CLANG_WARN_CONSTANT_CONVERSION = YES;
				CLANG_WARN_DIRECT_OBJC_ISA_USAGE = YES_ERROR;
				CLANG_WARN_DOCUMENTATION_COMMENTS = YES;
				CLANG_WARN_EMPTY_BODY = YES;
				CLANG_WARN_ENUM_CONVERSION = YES;
				CLANG_WARN_INFINITE_RECURSION = YES;
				CLANG_WARN_INT_CONVERSION = YES;
				CLANG_WARN_OBJC_ROOT_CLASS = YES_ERROR;
				CLANG_WARN_SUSPICIOUS_MOVE = YES;
				CLANG_WARN_UNREACHABLE_CODE = YES;
				CLANG_WARN__DUPLICATE_METHOD_MATCH = YES;
				"CODE_SIGN_IDENTITY[sdk=iphoneos*]" = "iPhone Developer";
				COPY_PHASE_STRIP = NO;
				DEBUG_INFORMATION_FORMAT = dwarf;
				ENABLE_STRICT_OBJC_MSGSEND = YES;
				ENABLE_TESTABILITY = YES;
				GCC_C_LANGUAGE_STANDARD = gnu99;
				GCC_DYNAMIC_NO_PIC = NO;
				GCC_NO_COMMON_BLOCKS = YES;
				GCC_OPTIMIZATION_LEVEL = 0;
				GCC_PREPROCESSOR_DEFINITIONS = (
					"DEBUG=1",
					"$(inherited)",
				);
				GCC_WARN_64_TO_32_BIT_CONVERSION = YES;
				GCC_WARN_ABOUT_RETURN_TYPE = YES_ERROR;
				GCC_WARN_UNDECLARED_SELECTOR = YES;
				GCC_WARN_UNINITIALIZED_AUTOS = YES_AGGRESSIVE;
				GCC_WARN_UNUSED_FUNCTION = YES;
				GCC_WARN_UNUSED_VARIABLE = YES;
				IPHONEOS_DEPLOYMENT_TARGET = 10.3;
				MTL_ENABLE_DEBUG_INFO = YES;
				ONLY_ACTIVE_ARCH = YES;
				SDKROOT = iphoneos;
				SWIFT_ACTIVE_COMPILATION_CONDITIONS = DEBUG;
				SWIFT_OPTIMIZATION_LEVEL = "-Onone";
				TARGETED_DEVICE_FAMILY = "1,2";
			};
			name = Debug;
		};
		A0A52C191F8CC46200C9ED5D /* Release */ = {
			isa = XCBuildConfiguration;
			buildSettings = {
				ALWAYS_SEARCH_USER_PATHS = NO;
				CLANG_ANALYZER_NONNULL = YES;
				CLANG_ANALYZER_NUMBER_OBJECT_CONVERSION = YES_AGGRESSIVE;
				CLANG_CXX_LANGUAGE_STANDARD = "gnu++0x";
				CLANG_CXX_LIBRARY = "libc++";
				CLANG_ENABLE_MODULES = YES;
				CLANG_ENABLE_OBJC_ARC = YES;
				CLANG_WARN_BOOL_CONVERSION = YES;
				CLANG_WARN_CONSTANT_CONVERSION = YES;
				CLANG_WARN_DIRECT_OBJC_ISA_USAGE = YES_ERROR;
				CLANG_WARN_DOCUMENTATION_COMMENTS = YES;
				CLANG_WARN_EMPTY_BODY = YES;
				CLANG_WARN_ENUM_CONVERSION = YES;
				CLANG_WARN_INFINITE_RECURSION = YES;
				CLANG_WARN_INT_CONVERSION = YES;
				CLANG_WARN_OBJC_ROOT_CLASS = YES_ERROR;
				CLANG_WARN_SUSPICIOUS_MOVE = YES;
				CLANG_WARN_UNREACHABLE_CODE = YES;
				CLANG_WARN__DUPLICATE_METHOD_MATCH = YES;
				"CODE_SIGN_IDENTITY[sdk=iphoneos*]" = "iPhone Developer";
				COPY_PHASE_STRIP = NO;
				DEBUG_INFORMATION_FORMAT = "dwarf-with-dsym";
				ENABLE_NS_ASSERTIONS = NO;
				ENABLE_STRICT_OBJC_MSGSEND = YES;
				GCC_C_LANGUAGE_STANDARD = gnu99;
				GCC_NO_COMMON_BLOCKS = YES;
				GCC_WARN_64_TO_32_BIT_CONVERSION = YES;
				GCC_WARN_ABOUT_RETURN_TYPE = YES_ERROR;
				GCC_WARN_UNDECLARED_SELECTOR = YES;
				GCC_WARN_UNINITIALIZED_AUTOS = YES_AGGRESSIVE;
				GCC_WARN_UNUSED_FUNCTION = YES;
				GCC_WARN_UNUSED_VARIABLE = YES;
				IPHONEOS_DEPLOYMENT_TARGET = 10.3;
				MTL_ENABLE_DEBUG_INFO = NO;
				SDKROOT = iphoneos;
				SWIFT_OPTIMIZATION_LEVEL = "-Owholemodule";
				TARGETED_DEVICE_FAMILY = "1,2";
				VALIDATE_PRODUCT = YES;
			};
			name = Release;
		};
		A0A52C1B1F8CC46200C9ED5D /* Debug */ = {
			isa = XCBuildConfiguration;
			buildSettings = {
				ASSETCATALOG_COMPILER_APPICON_NAME = AppIcon;
				DEVELOPMENT_TEAM = 72C5A4RQ56;
				INFOPLIST_FILE = "Rotate Image/Info.plist";
				LD_RUNPATH_SEARCH_PATHS = "$(inherited) @executable_path/Frameworks";
				PRODUCT_BUNDLE_IDENTIFIER = "Hilmy-Fauzi.Rotate-Image";
				PRODUCT_NAME = "$(TARGET_NAME)";
				SWIFT_VERSION = 3.0;
			};
			name = Debug;
		};
		A0A52C1C1F8CC46200C9ED5D /* Release */ = {
			isa = XCBuildConfiguration;
			buildSettings = {
				ASSETCATALOG_COMPILER_APPICON_NAME = AppIcon;
				DEVELOPMENT_TEAM = 72C5A4RQ56;
				INFOPLIST_FILE = "Rotate Image/Info.plist";
				LD_RUNPATH_SEARCH_PATHS = "$(inherited) @executable_path/Frameworks";
				PRODUCT_BUNDLE_IDENTIFIER = "Hilmy-Fauzi.Rotate-Image";
				PRODUCT_NAME = "$(TARGET_NAME)";
				SWIFT_VERSION = 3.0;
			};
			name = Release;
		};
		A0A52C1E1F8CC46200C9ED5D /* Debug */ = {
			isa = XCBuildConfiguration;
			buildSettings = {
				ALWAYS_EMBED_SWIFT_STANDARD_LIBRARIES = YES;
				BUNDLE_LOADER = "$(TEST_HOST)";
				DEVELOPMENT_TEAM = 72C5A4RQ56;
				INFOPLIST_FILE = "Rotate ImageTests/Info.plist";
				LD_RUNPATH_SEARCH_PATHS = "$(inherited) @executable_path/Frameworks @loader_path/Frameworks";
				PRODUCT_BUNDLE_IDENTIFIER = "Hilmy-Fauzi.Rotate-ImageTests";
				PRODUCT_NAME = "$(TARGET_NAME)";
				SWIFT_VERSION = 3.0;
				TEST_HOST = "$(BUILT_PRODUCTS_DIR)/Rotate Image.app/Rotate Image";
			};
			name = Debug;
		};
		A0A52C1F1F8CC46200C9ED5D /* Release */ = {
			isa = XCBuildConfiguration;
			buildSettings = {
				ALWAYS_EMBED_SWIFT_STANDARD_LIBRARIES = YES;
				BUNDLE_LOADER = "$(TEST_HOST)";
				DEVELOPMENT_TEAM = 72C5A4RQ56;
				INFOPLIST_FILE = "Rotate ImageTests/Info.plist";
				LD_RUNPATH_SEARCH_PATHS = "$(inherited) @executable_path/Frameworks @loader_path/Frameworks";
				PRODUCT_BUNDLE_IDENTIFIER = "Hilmy-Fauzi.Rotate-ImageTests";
				PRODUCT_NAME = "$(TARGET_NAME)";
				SWIFT_VERSION = 3.0;
				TEST_HOST = "$(BUILT_PRODUCTS_DIR)/Rotate Image.app/Rotate Image";
			};
			name = Release;
		};
		A0A52C211F8CC46200C9ED5D /* Debug */ = {
			isa = XCBuildConfiguration;
			buildSettings = {
				ALWAYS_EMBED_SWIFT_STANDARD_LIBRARIES = YES;
				DEVELOPMENT_TEAM = 72C5A4RQ56;
				INFOPLIST_FILE = "Rotate ImageUITests/Info.plist";
				LD_RUNPATH_SEARCH_PATHS = "$(inherited) @executable_path/Frameworks @loader_path/Frameworks";
				PRODUCT_BUNDLE_IDENTIFIER = "Hilmy-Fauzi.Rotate-ImageUITests";
				PRODUCT_NAME = "$(TARGET_NAME)";
				SWIFT_VERSION = 3.0;
				TEST_TARGET_NAME = "Rotate Image";
			};
			name = Debug;
		};
		A0A52C221F8CC46200C9ED5D /* Release */ = {
			isa = XCBuildConfiguration;
			buildSettings = {
				ALWAYS_EMBED_SWIFT_STANDARD_LIBRARIES = YES;
				DEVELOPMENT_TEAM = 72C5A4RQ56;
				INFOPLIST_FILE = "Rotate ImageUITests/Info.plist";
				LD_RUNPATH_SEARCH_PATHS = "$(inherited) @executable_path/Frameworks @loader_path/Frameworks";
				PRODUCT_BUNDLE_IDENTIFIER = "Hilmy-Fauzi.Rotate-ImageUITests";
				PRODUCT_NAME = "$(TARGET_NAME)";
				SWIFT_VERSION = 3.0;
				TEST_TARGET_NAME = "Rotate Image";
			};
			name = Release;
		};
/* End XCBuildConfiguration section */

/* Begin XCConfigurationList section */
		A0A52BED1F8CC46200C9ED5D /* Build configuration list for PBXProject "Rotate Image" */ = {
			isa = XCConfigurationList;
			buildConfigurations = (
				A0A52C181F8CC46200C9ED5D /* Debug */,
				A0A52C191F8CC46200C9ED5D /* Release */,
			);
			defaultConfigurationIsVisible = 0;
			defaultConfigurationName = Release;
		};
		A0A52C1A1F8CC46200C9ED5D /* Build configuration list for PBXNativeTarget "Rotate Image" */ = {
			isa = XCConfigurationList;
			buildConfigurations = (
				A0A52C1B1F8CC46200C9ED5D /* Debug */,
				A0A52C1C1F8CC46200C9ED5D /* Release */,
			);
			defaultConfigurationIsVisible = 0;
		};
		A0A52C1D1F8CC46200C9ED5D /* Build configuration list for PBXNativeTarget "Rotate ImageTests" */ = {
			isa = XCConfigurationList;
			buildConfigurations = (
				A0A52C1E1F8CC46200C9ED5D /* Debug */,
				A0A52C1F1F8CC46200C9ED5D /* Release */,
			);
			defaultConfigurationIsVisible = 0;
		};
		A0A52C201F8CC46200C9ED5D /* Build configuration list for PBXNativeTarget "Rotate ImageUITests" */ = {
			isa = XCConfigurationList;
			buildConfigurations = (
				A0A52C211F8CC46200C9ED5D /* Debug */,
				A0A52C221F8CC46200C9ED5D /* Release */,
			);
			defaultConfigurationIsVisible = 0;
		};
/* End XCConfigurationList section */
	};
	rootObject = A0A52BEA1F8CC46200C9ED5D /* Project object */;
}
